
Microsoft Visual Studio Solution File, Format Version 12.00
# Visual Studio Version 17
VisualStudioVersion = 17.0.32014.148
MinimumVisualStudioVersion = 10.0.40219.1
Project("{FAE04EC0-301F-11D3-BF4B-00C04F79EFBC}") = "Task10", "Task10\Task10.csproj", "{18787A25-B6F5-4005-8F33-076A8BC8BEB5}"
EndProject
Global
	GlobalSection(SolutionConfigurationPlatforms) = preSolution
		Debug|Any CPU = Debug|Any CPU
		Release|Any CPU = Release|Any CPU
	EndGlobalSection
	GlobalSection(ProjectConfigurationPlatforms) = postSolution
		{18787A25-B6F5-4005-8F33-076A8BC8BEB5}.Debug|Any CPU.ActiveCfg = Debug|Any CPU
		{18787A25-B6F5-4005-8F33-076A8BC8BEB5}.Debug|Any CPU.Build.0 = Debug|Any CPU
		{18787A25-B6F5-4005-8F33-076A8BC8BEB5}.Release|Any CPU.ActiveCfg = Release|Any CPU
		{18787A25-B6F5-4005-8F33-076A8BC8BEB5}.Release|Any CPU.Build.0 = Release|Any CPU
	EndGlobalSection
	GlobalSection(SolutionProperties) = preSolution
		HideSolutionNode = FALSE
	EndGlobalSection
	GlobalSection(ExtensibilityGlobals) = postSolution
		SolutionGuid = {B0A108E4-E4BE-42CB-8380-A41C39B08F23}
	EndGlobalSection
EndGlobal
